
Microsoft Visual Studio Solution File, Format Version 12.00
# Visual Studio Version 16
VisualStudioVersion = 16.0.30204.135
MinimumVisualStudioVersion = 10.0.40219.1
Project("{8BC9CEB8-8B4A-11D0-8D11-00A0C91BC942}") = "В.У.З_0.5", "В.У.З_0.5.vcxproj", "{8A534E11-E0AA-456F-AD5B-5F134D2D7D33}"
EndProject
Global
	GlobalSection(SolutionConfigurationPlatforms) = preSolution
		Debug|x64 = Debug|x64
		Debug|x86 = Debug|x86
		Release|x64 = Release|x64
		Release|x86 = Release|x86
	EndGlobalSection
	GlobalSection(ProjectConfigurationPlatforms) = postSolution
		{8A534E11-E0AA-456F-AD5B-5F134D2D7D33}.Debug|x64.ActiveCfg = Debug|x64
		{8A534E11-E0AA-456F-AD5B-5F134D2D7D33}.Debug|x64.Build.0 = Debug|x64
		{8A534E11-E0AA-456F-AD5B-5F134D2D7D33}.Debug|x86.ActiveCfg = Debug|Win32
		{8A534E11-E0AA-456F-AD5B-5F134D2D7D33}.Debug|x86.Build.0 = Debug|Win32
		{8A534E11-E0AA-456F-AD5B-5F134D2D7D33}.Release|x64.ActiveCfg = Release|x64
		{8A534E11-E0AA-456F-AD5B-5F134D2D7D33}.Release|x64.Build.0 = Release|x64
		{8A534E11-E0AA-456F-AD5B-5F134D2D7D33}.Release|x86.ActiveCfg = Release|Win32
		{8A534E11-E0AA-456F-AD5B-5F134D2D7D33}.Release|x86.Build.0 = Release|Win32
	EndGlobalSection
	GlobalSection(SolutionProperties) = preSolution
		HideSolutionNode = FALSE
	EndGlobalSection
	GlobalSection(ExtensibilityGlobals) = postSolution
		SolutionGuid = {6ACA0AFC-0B08-49C5-BECB-9EDAA46F4A7A}
	EndGlobalSection
EndGlobal
