
Microsoft Visual Studio Solution File, Format Version 12.00
# Visual Studio Version 16
VisualStudioVersion = 16.0.30204.135
MinimumVisualStudioVersion = 10.0.40219.1
Project("{FAE04EC0-301F-11D3-BF4B-00C04F79EFBC}") = "Aquarium", "Aquarium\Aquarium.csproj", "{7EE42483-1C1F-4899-BBDC-991BAD65C312}"
EndProject
Global
	GlobalSection(SolutionConfigurationPlatforms) = preSolution
		Debug|Any CPU = Debug|Any CPU
		Release|Any CPU = Release|Any CPU
	EndGlobalSection
	GlobalSection(ProjectConfigurationPlatforms) = postSolution
		{7EE42483-1C1F-4899-BBDC-991BAD65C312}.Debug|Any CPU.ActiveCfg = Debug|Any CPU
		{7EE42483-1C1F-4899-BBDC-991BAD65C312}.Debug|Any CPU.Build.0 = Debug|Any CPU
		{7EE42483-1C1F-4899-BBDC-991BAD65C312}.Release|Any CPU.ActiveCfg = Release|Any CPU
		{7EE42483-1C1F-4899-BBDC-991BAD65C312}.Release|Any CPU.Build.0 = Release|Any CPU
	EndGlobalSection
	GlobalSection(SolutionProperties) = preSolution
		HideSolutionNode = FALSE
	EndGlobalSection
	GlobalSection(ExtensibilityGlobals) = postSolution
		SolutionGuid = {D8681B02-47EE-481E-861D-ECCAF30EC50F}
	EndGlobalSection
EndGlobal
