
Microsoft Visual Studio Solution File, Format Version 12.00
# Visual Studio 15
VisualStudioVersion = 15.0.27703.2042
MinimumVisualStudioVersion = 10.0.40219.1
Project("{8BC9CEB8-8B4A-11D0-8D11-00A0C91BC942}") = "Основные команды", "Основные команды\Основные команды.vcxproj", "{C968ECB8-7C29-45CC-9D0D-CD69E4834B7A}"
EndProject
Global
	GlobalSection(SolutionConfigurationPlatforms) = preSolution
		Debug|x64 = Debug|x64
		Debug|x86 = Debug|x86
		Release|x64 = Release|x64
		Release|x86 = Release|x86
	EndGlobalSection
	GlobalSection(ProjectConfigurationPlatforms) = postSolution
		{C968ECB8-7C29-45CC-9D0D-CD69E4834B7A}.Debug|x64.ActiveCfg = Debug|x64
		{C968ECB8-7C29-45CC-9D0D-CD69E4834B7A}.Debug|x64.Build.0 = Debug|x64
		{C968ECB8-7C29-45CC-9D0D-CD69E4834B7A}.Debug|x86.ActiveCfg = Debug|Win32
		{C968ECB8-7C29-45CC-9D0D-CD69E4834B7A}.Debug|x86.Build.0 = Debug|Win32
		{C968ECB8-7C29-45CC-9D0D-CD69E4834B7A}.Release|x64.ActiveCfg = Release|x64
		{C968ECB8-7C29-45CC-9D0D-CD69E4834B7A}.Release|x64.Build.0 = Release|x64
		{C968ECB8-7C29-45CC-9D0D-CD69E4834B7A}.Release|x86.ActiveCfg = Release|Win32
		{C968ECB8-7C29-45CC-9D0D-CD69E4834B7A}.Release|x86.Build.0 = Release|Win32
	EndGlobalSection
	GlobalSection(SolutionProperties) = preSolution
		HideSolutionNode = FALSE
	EndGlobalSection
	GlobalSection(ExtensibilityGlobals) = postSolution
		SolutionGuid = {0936CB92-29B2-4D44-8DA8-32A71373E84D}
	EndGlobalSection
EndGlobal
