
Microsoft Visual Studio Solution File, Format Version 12.00
# Visual Studio Version 16
VisualStudioVersion = 16.0.29728.190
MinimumVisualStudioVersion = 10.0.40219.1
Project("{FAE04EC0-301F-11D3-BF4B-00C04F79EFBC}") = "MyOsu", "MyOsu.csproj", "{AABCD735-4EDE-4CC3-A8C9-CC5580625970}"
EndProject
Global
	GlobalSection(SolutionConfigurationPlatforms) = preSolution
		Debug|Any CPU = Debug|Any CPU
		Release|Any CPU = Release|Any CPU
	EndGlobalSection
	GlobalSection(ProjectConfigurationPlatforms) = postSolution
		{AABCD735-4EDE-4CC3-A8C9-CC5580625970}.Debug|Any CPU.ActiveCfg = Debug|Any CPU
		{AABCD735-4EDE-4CC3-A8C9-CC5580625970}.Debug|Any CPU.Build.0 = Debug|Any CPU
		{AABCD735-4EDE-4CC3-A8C9-CC5580625970}.Release|Any CPU.ActiveCfg = Release|Any CPU
		{AABCD735-4EDE-4CC3-A8C9-CC5580625970}.Release|Any CPU.Build.0 = Release|Any CPU
	EndGlobalSection
	GlobalSection(SolutionProperties) = preSolution
		HideSolutionNode = FALSE
	EndGlobalSection
	GlobalSection(ExtensibilityGlobals) = postSolution
		SolutionGuid = {A00F8AFD-A5A3-4BBD-BFA2-DFB280757024}
	EndGlobalSection
EndGlobal
