
Microsoft Visual Studio Solution File, Format Version 12.00
# Visual Studio Version 16
VisualStudioVersion = 16.0.30011.22
MinimumVisualStudioVersion = 10.0.40219.1
Project("{FAE04EC0-301F-11D3-BF4B-00C04F79EFBC}") = "KNB", "KNB\KNB.csproj", "{F65FEEE9-BB25-4259-AEA6-BED70EE6DA54}"
EndProject
Global
	GlobalSection(SolutionConfigurationPlatforms) = preSolution
		Debug|Any CPU = Debug|Any CPU
		Release|Any CPU = Release|Any CPU
	EndGlobalSection
	GlobalSection(ProjectConfigurationPlatforms) = postSolution
		{F65FEEE9-BB25-4259-AEA6-BED70EE6DA54}.Debug|Any CPU.ActiveCfg = Debug|Any CPU
		{F65FEEE9-BB25-4259-AEA6-BED70EE6DA54}.Debug|Any CPU.Build.0 = Debug|Any CPU
		{F65FEEE9-BB25-4259-AEA6-BED70EE6DA54}.Release|Any CPU.ActiveCfg = Release|Any CPU
		{F65FEEE9-BB25-4259-AEA6-BED70EE6DA54}.Release|Any CPU.Build.0 = Release|Any CPU
	EndGlobalSection
	GlobalSection(SolutionProperties) = preSolution
		HideSolutionNode = FALSE
	EndGlobalSection
	GlobalSection(ExtensibilityGlobals) = postSolution
		SolutionGuid = {E4135B25-C732-494D-BD6E-6C75DD11DDFB}
	EndGlobalSection
EndGlobal
