
Microsoft Visual Studio Solution File, Format Version 12.00
# Visual Studio Version 16
VisualStudioVersion = 16.0.30204.135
MinimumVisualStudioVersion = 10.0.40219.1
Project("{8BC9CEB8-8B4A-11D0-8D11-00A0C91BC942}") = "В.У.З_0.8", "В.У.З_0.8.vcxproj", "{7D6546BA-433D-4DC3-A67E-BB933425A3BE}"
EndProject
Global
	GlobalSection(SolutionConfigurationPlatforms) = preSolution
		Debug|x64 = Debug|x64
		Debug|x86 = Debug|x86
		Release|x64 = Release|x64
		Release|x86 = Release|x86
	EndGlobalSection
	GlobalSection(ProjectConfigurationPlatforms) = postSolution
		{7D6546BA-433D-4DC3-A67E-BB933425A3BE}.Debug|x64.ActiveCfg = Debug|x64
		{7D6546BA-433D-4DC3-A67E-BB933425A3BE}.Debug|x64.Build.0 = Debug|x64
		{7D6546BA-433D-4DC3-A67E-BB933425A3BE}.Debug|x86.ActiveCfg = Debug|Win32
		{7D6546BA-433D-4DC3-A67E-BB933425A3BE}.Debug|x86.Build.0 = Debug|Win32
		{7D6546BA-433D-4DC3-A67E-BB933425A3BE}.Release|x64.ActiveCfg = Release|x64
		{7D6546BA-433D-4DC3-A67E-BB933425A3BE}.Release|x64.Build.0 = Release|x64
		{7D6546BA-433D-4DC3-A67E-BB933425A3BE}.Release|x86.ActiveCfg = Release|Win32
		{7D6546BA-433D-4DC3-A67E-BB933425A3BE}.Release|x86.Build.0 = Release|Win32
	EndGlobalSection
	GlobalSection(SolutionProperties) = preSolution
		HideSolutionNode = FALSE
	EndGlobalSection
	GlobalSection(ExtensibilityGlobals) = postSolution
		SolutionGuid = {6E95D9E4-471B-40E6-A4D4-F5C68E1B0C85}
	EndGlobalSection
EndGlobal
