
Microsoft Visual Studio Solution File, Format Version 12.00
# Visual Studio Version 16
VisualStudioVersion = 16.0.30204.135
MinimumVisualStudioVersion = 10.0.40219.1
Project("{FAE04EC0-301F-11D3-BF4B-00C04F79EFBC}") = "Game2D", "Game2D\Game2D.csproj", "{2383A410-8546-4694-AA8A-8C840EE7415F}"
EndProject
Global
	GlobalSection(SolutionConfigurationPlatforms) = preSolution
		Debug|Any CPU = Debug|Any CPU
		Release|Any CPU = Release|Any CPU
	EndGlobalSection
	GlobalSection(ProjectConfigurationPlatforms) = postSolution
		{2383A410-8546-4694-AA8A-8C840EE7415F}.Debug|Any CPU.ActiveCfg = Debug|Any CPU
		{2383A410-8546-4694-AA8A-8C840EE7415F}.Debug|Any CPU.Build.0 = Debug|Any CPU
		{2383A410-8546-4694-AA8A-8C840EE7415F}.Release|Any CPU.ActiveCfg = Release|Any CPU
		{2383A410-8546-4694-AA8A-8C840EE7415F}.Release|Any CPU.Build.0 = Release|Any CPU
	EndGlobalSection
	GlobalSection(SolutionProperties) = preSolution
		HideSolutionNode = FALSE
	EndGlobalSection
	GlobalSection(ExtensibilityGlobals) = postSolution
		SolutionGuid = {AF0A9CC8-AE26-4318-9D19-AD23566D2D4A}
	EndGlobalSection
EndGlobal
